// !$*UTF8*$!
{
	archiveVersion = 1;
	classes = {
	};
	objectVersion = 51;
	objects = {

/* Begin PBXBuildFile section */
		0F4F30697277154ABD9DE98B /* Pods_ProgressTerraTest.framework in Frameworks */ = {isa = PBXBuildFile; fileRef = D06BFEE2C067741312EEF657 /* Pods_ProgressTerraTest.framework */; };
		32F9C91F23336A1F007523E3 /* AppDelegate.swift in Sources */ = {isa = PBXBuildFile; fileRef = 32F9C91E23336A1F007523E3 /* AppDelegate.swift */; };
		32F9C92423336A1F007523E3 /* Main.storyboard in Resources */ = {isa = PBXBuildFile; fileRef = 32F9C92223336A1F007523E3 /* Main.storyboard */; };
		32F9C92623336A20007523E3 /* Assets.xcassets in Resources */ = {isa = PBXBuildFile; fileRef = 32F9C92523336A20007523E3 /* Assets.xcassets */; };
		32F9C92923336A20007523E3 /* LaunchScreen.storyboard in Resources */ = {isa = PBXBuildFile; fileRef = 32F9C92723336A20007523E3 /* LaunchScreen.storyboard */; };
		32F9C9332333716F007523E3 /* CatalogViewController.swift in Sources */ = {isa = PBXBuildFile; fileRef = 32F9C9322333716F007523E3 /* CatalogViewController.swift */; };
		32F9C936233371FE007523E3 /* SearchBarView.swift in Sources */ = {isa = PBXBuildFile; fileRef = 32F9C935233371FE007523E3 /* SearchBarView.swift */; };
		32F9C93923337239007523E3 /* SearchBarTextField.swift in Sources */ = {isa = PBXBuildFile; fileRef = 32F9C93823337239007523E3 /* SearchBarTextField.swift */; };
		32F9C93D23337512007523E3 /* Constants.swift in Sources */ = {isa = PBXBuildFile; fileRef = 32F9C93C23337512007523E3 /* Constants.swift */; };
		32F9C9412333BA42007523E3 /* SearchBarClearButton.swift in Sources */ = {isa = PBXBuildFile; fileRef = 32F9C9402333BA42007523E3 /* SearchBarClearButton.swift */; };
		32F9C9462333C64C007523E3 /* CatalogCollectionViewCell.swift in Sources */ = {isa = PBXBuildFile; fileRef = 32F9C9442333C64C007523E3 /* CatalogCollectionViewCell.swift */; };
		32F9C9472333C64C007523E3 /* CatalogCollectionViewCell.xib in Resources */ = {isa = PBXBuildFile; fileRef = 32F9C9452333C64C007523E3 /* CatalogCollectionViewCell.xib */; };
		32F9C94A2333C67B007523E3 /* NibLoadable.swift in Sources */ = {isa = PBXBuildFile; fileRef = 32F9C9492333C67B007523E3 /* NibLoadable.swift */; };
		32F9C94C2333C6D5007523E3 /* CatalogPresenter.swift in Sources */ = {isa = PBXBuildFile; fileRef = 32F9C94B2333C6D5007523E3 /* CatalogPresenter.swift */; };
		32F9C94E2333C7BC007523E3 /* CatalogView.swift in Sources */ = {isa = PBXBuildFile; fileRef = 32F9C94D2333C7BC007523E3 /* CatalogView.swift */; };
		32F9C9512333C8E5007523E3 /* Product.swift in Sources */ = {isa = PBXBuildFile; fileRef = 32F9C9502333C8E5007523E3 /* Product.swift */; };
		32F9C9552333C953007523E3 /* BasicService.swift in Sources */ = {isa = PBXBuildFile; fileRef = 32F9C9542333C953007523E3 /* BasicService.swift */; };
		32F9C9572333C97C007523E3 /* Reachabelity.swift in Sources */ = {isa = PBXBuildFile; fileRef = 32F9C9562333C97C007523E3 /* Reachabelity.swift */; };
		32F9C95A2333CCB2007523E3 /* CatalogService.swift in Sources */ = {isa = PBXBuildFile; fileRef = 32F9C9592333CCB2007523E3 /* CatalogService.swift */; };
		32F9C95C2333CD00007523E3 /* CatalogServiceImplementation.swift in Sources */ = {isa = PBXBuildFile; fileRef = 32F9C95B2333CD00007523E3 /* CatalogServiceImplementation.swift */; };
/* End PBXBuildFile section */

/* Begin PBXFileReference section */
		32B5D7483C1FC40839B37DB4 /* Pods-ProgressTerraTest.debug.xcconfig */ = {isa = PBXFileReference; includeInIndex = 1; lastKnownFileType = text.xcconfig; name = "Pods-ProgressTerraTest.debug.xcconfig"; path = "Target Support Files/Pods-ProgressTerraTest/Pods-ProgressTerraTest.debug.xcconfig"; sourceTree = "<group>"; };
		32F9C91B23336A1F007523E3 /* ProgressTerraTest.app */ = {isa = PBXFileReference; explicitFileType = wrapper.application; includeInIndex = 0; path = ProgressTerraTest.app; sourceTree = BUILT_PRODUCTS_DIR; };
		32F9C91E23336A1F007523E3 /* AppDelegate.swift */ = {isa = PBXFileReference; lastKnownFileType = sourcecode.swift; path = AppDelegate.swift; sourceTree = "<group>"; };
		32F9C92323336A1F007523E3 /* Base */ = {isa = PBXFileReference; lastKnownFileType = file.storyboard; name = Base; path = Base.lproj/Main.storyboard; sourceTree = "<group>"; };
		32F9C92523336A20007523E3 /* Assets.xcassets */ = {isa = PBXFileReference; lastKnownFileType = folder.assetcatalog; path = Assets.xcassets; sourceTree = "<group>"; };
		32F9C92823336A20007523E3 /* Base */ = {isa = PBXFileReference; lastKnownFileType = file.storyboard; name = Base; path = Base.lproj/LaunchScreen.storyboard; sourceTree = "<group>"; };
		32F9C92A23336A20007523E3 /* Info.plist */ = {isa = PBXFileReference; lastKnownFileType = text.plist.xml; path = Info.plist; sourceTree = "<group>"; };
		32F9C9322333716F007523E3 /* CatalogViewController.swift */ = {isa = PBXFileReference; lastKnownFileType = sourcecode.swift; path = CatalogViewController.swift; sourceTree = "<group>"; };
		32F9C935233371FE007523E3 /* SearchBarView.swift */ = {isa = PBXFileReference; lastKnownFileType = sourcecode.swift; path = SearchBarView.swift; sourceTree = "<group>"; };
		32F9C93823337239007523E3 /* SearchBarTextField.swift */ = {isa = PBXFileReference; lastKnownFileType = sourcecode.swift; path = SearchBarTextField.swift; sourceTree = "<group>"; };
		32F9C93C23337512007523E3 /* Constants.swift */ = {isa = PBXFileReference; lastKnownFileType = sourcecode.swift; path = Constants.swift; sourceTree = "<group>"; };
		32F9C9402333BA42007523E3 /* SearchBarClearButton.swift */ = {isa = PBXFileReference; lastKnownFileType = sourcecode.swift; path = SearchBarClearButton.swift; sourceTree = "<group>"; };
		32F9C9442333C64C007523E3 /* CatalogCollectionViewCell.swift */ = {isa = PBXFileReference; lastKnownFileType = sourcecode.swift; path = CatalogCollectionViewCell.swift; sourceTree = "<group>"; };
		32F9C9452333C64C007523E3 /* CatalogCollectionViewCell.xib */ = {isa = PBXFileReference; lastKnownFileType = file.xib; path = CatalogCollectionViewCell.xib; sourceTree = "<group>"; };
		32F9C9492333C67B007523E3 /* NibLoadable.swift */ = {isa = PBXFileReference; lastKnownFileType = sourcecode.swift; path = NibLoadable.swift; sourceTree = "<group>"; };
		32F9C94B2333C6D5007523E3 /* CatalogPresenter.swift */ = {isa = PBXFileReference; lastKnownFileType = sourcecode.swift; path = CatalogPresenter.swift; sourceTree = "<group>"; };
		32F9C94D2333C7BC007523E3 /* CatalogView.swift */ = {isa = PBXFileReference; lastKnownFileType = sourcecode.swift; path = CatalogView.swift; sourceTree = "<group>"; };
		32F9C9502333C8E5007523E3 /* Product.swift */ = {isa = PBXFileReference; lastKnownFileType = sourcecode.swift; path = Product.swift; sourceTree = "<group>"; };
		32F9C9542333C953007523E3 /* BasicService.swift */ = {isa = PBXFileReference; lastKnownFileType = sourcecode.swift; path = BasicService.swift; sourceTree = "<group>"; };
		32F9C9562333C97C007523E3 /* Reachabelity.swift */ = {isa = PBXFileReference; lastKnownFileType = sourcecode.swift; path = Reachabelity.swift; sourceTree = "<group>"; };
		32F9C9592333CCB2007523E3 /* CatalogService.swift */ = {isa = PBXFileReference; lastKnownFileType = sourcecode.swift; path = CatalogService.swift; sourceTree = "<group>"; };
		32F9C95B2333CD00007523E3 /* CatalogServiceImplementation.swift */ = {isa = PBXFileReference; lastKnownFileType = sourcecode.swift; path = CatalogServiceImplementation.swift; sourceTree = "<group>"; };
		D06BFEE2C067741312EEF657 /* Pods_ProgressTerraTest.framework */ = {isa = PBXFileReference; explicitFileType = wrapper.framework; includeInIndex = 0; path = Pods_ProgressTerraTest.framework; sourceTree = BUILT_PRODUCTS_DIR; };
		FBD11796984850DA6C4C450C /* Pods-ProgressTerraTest.release.xcconfig */ = {isa = PBXFileReference; includeInIndex = 1; lastKnownFileType = text.xcconfig; name = "Pods-ProgressTerraTest.release.xcconfig"; path = "Target Support Files/Pods-ProgressTerraTest/Pods-ProgressTerraTest.release.xcconfig"; sourceTree = "<group>"; };
/* End PBXFileReference section */

/* Begin PBXFrameworksBuildPhase section */
		32F9C91823336A1F007523E3 /* Frameworks */ = {
			isa = PBXFrameworksBuildPhase;
			buildActionMask = 2147483647;
			files = (
				0F4F30697277154ABD9DE98B /* Pods_ProgressTerraTest.framework in Frameworks */,
			);
			runOnlyForDeploymentPostprocessing = 0;
		};
/* End PBXFrameworksBuildPhase section */

/* Begin PBXGroup section */
		32F9C91223336A1F007523E3 = {
			isa = PBXGroup;
			children = (
				32F9C91D23336A1F007523E3 /* ProgressTerraTest */,
				32F9C91C23336A1F007523E3 /* Products */,
				AC47228608BC42FB10E67824 /* Pods */,
				B18FA0B333037E3FDEAC1147 /* Frameworks */,
			);
			sourceTree = "<group>";
		};
		32F9C91C23336A1F007523E3 /* Products */ = {
			isa = PBXGroup;
			children = (
				32F9C91B23336A1F007523E3 /* ProgressTerraTest.app */,
			);
			name = Products;
			sourceTree = "<group>";
		};
		32F9C91D23336A1F007523E3 /* ProgressTerraTest */ = {
			isa = PBXGroup;
			children = (
				32F9C91E23336A1F007523E3 /* AppDelegate.swift */,
				32F9C93C23337512007523E3 /* Constants.swift */,
				32F9C9482333C655007523E3 /* Helpers */,
				32F9C9522333C93B007523E3 /* Services */,
				32F9C934233371A7007523E3 /* Common Views */,
				32F9C93023337148007523E3 /* Scenes */,
				32F9C92223336A1F007523E3 /* Main.storyboard */,
				32F9C92523336A20007523E3 /* Assets.xcassets */,
				32F9C92723336A20007523E3 /* LaunchScreen.storyboard */,
				32F9C92A23336A20007523E3 /* Info.plist */,
			);
			path = ProgressTerraTest;
			sourceTree = "<group>";
		};
		32F9C93023337148007523E3 /* Scenes */ = {
			isa = PBXGroup;
			children = (
				32F9C93123337154007523E3 /* Catalog */,
			);
			path = Scenes;
			sourceTree = "<group>";
		};
		32F9C93123337154007523E3 /* Catalog */ = {
			isa = PBXGroup;
			children = (
				32F9C94F2333C8D3007523E3 /* Model */,
				32F9C9432333C636007523E3 /* Cells */,
				32F9C9322333716F007523E3 /* CatalogViewController.swift */,
				32F9C94B2333C6D5007523E3 /* CatalogPresenter.swift */,
				32F9C94D2333C7BC007523E3 /* CatalogView.swift */,
			);
			path = Catalog;
			sourceTree = "<group>";
		};
		32F9C934233371A7007523E3 /* Common Views */ = {
			isa = PBXGroup;
			children = (
				32F9C93723337211007523E3 /* SearchBar */,
			);
			path = "Common Views";
			sourceTree = "<group>";
		};
		32F9C93723337211007523E3 /* SearchBar */ = {
			isa = PBXGroup;
			children = (
				32F9C935233371FE007523E3 /* SearchBarView.swift */,
				32F9C93823337239007523E3 /* SearchBarTextField.swift */,
				32F9C9402333BA42007523E3 /* SearchBarClearButton.swift */,
			);
			path = SearchBar;
			sourceTree = "<group>";
		};
		32F9C9432333C636007523E3 /* Cells */ = {
			isa = PBXGroup;
			children = (
				32F9C9442333C64C007523E3 /* CatalogCollectionViewCell.swift */,
				32F9C9452333C64C007523E3 /* CatalogCollectionViewCell.xib */,
			);
			path = Cells;
			sourceTree = "<group>";
		};
		32F9C9482333C655007523E3 /* Helpers */ = {
			isa = PBXGroup;
			children = (
				32F9C9492333C67B007523E3 /* NibLoadable.swift */,
				32F9C9562333C97C007523E3 /* Reachabelity.swift */,
			);
			path = Helpers;
			sourceTree = "<group>";
		};
		32F9C94F2333C8D3007523E3 /* Model */ = {
			isa = PBXGroup;
			children = (
				32F9C9502333C8E5007523E3 /* Product.swift */,
			);
			path = Model;
			sourceTree = "<group>";
		};
		32F9C9522333C93B007523E3 /* Services */ = {
			isa = PBXGroup;
			children = (
				32F9C9532333C942007523E3 /* Network */,
			);
			path = Services;
			sourceTree = "<group>";
		};
		32F9C9532333C942007523E3 /* Network */ = {
			isa = PBXGroup;
			children = (
				32F9C9542333C953007523E3 /* BasicService.swift */,
				32F9C9582333CC8B007523E3 /* Catalog Service */,
			);
			path = Network;
			sourceTree = "<group>";
		};
		32F9C9582333CC8B007523E3 /* Catalog Service */ = {
			isa = PBXGroup;
			children = (
				32F9C9592333CCB2007523E3 /* CatalogService.swift */,
				32F9C95B2333CD00007523E3 /* CatalogServiceImplementation.swift */,
			);
			path = "Catalog Service";
			sourceTree = "<group>";
		};
		AC47228608BC42FB10E67824 /* Pods */ = {
			isa = PBXGroup;
			children = (
				32B5D7483C1FC40839B37DB4 /* Pods-ProgressTerraTest.debug.xcconfig */,
				FBD11796984850DA6C4C450C /* Pods-ProgressTerraTest.release.xcconfig */,
			);
			path = Pods;
			sourceTree = "<group>";
		};
		B18FA0B333037E3FDEAC1147 /* Frameworks */ = {
			isa = PBXGroup;
			children = (
				D06BFEE2C067741312EEF657 /* Pods_ProgressTerraTest.framework */,
			);
			name = Frameworks;
			sourceTree = "<group>";
		};
/* End PBXGroup section */

/* Begin PBXNativeTarget section */
		32F9C91A23336A1F007523E3 /* ProgressTerraTest */ = {
			isa = PBXNativeTarget;
			buildConfigurationList = 32F9C92D23336A20007523E3 /* Build configuration list for PBXNativeTarget "ProgressTerraTest" */;
			buildPhases = (
				FF73B11A1275B71D6D42E0EE /* [CP] Check Pods Manifest.lock */,
				32F9C91723336A1F007523E3 /* Sources */,
				32F9C91823336A1F007523E3 /* Frameworks */,
				32F9C91923336A1F007523E3 /* Resources */,
				1791E00DC6A4E7FEBCD4E924 /* [CP] Embed Pods Frameworks */,
			);
			buildRules = (
			);
			dependencies = (
			);
			name = ProgressTerraTest;
			productName = ProgressTerraTest;
			productReference = 32F9C91B23336A1F007523E3 /* ProgressTerraTest.app */;
			productType = "com.apple.product-type.application";
		};
/* End PBXNativeTarget section */

/* Begin PBXProject section */
		32F9C91323336A1F007523E3 /* Project object */ = {
			isa = PBXProject;
			attributes = {
				LastSwiftUpdateCheck = 1010;
				LastUpgradeCheck = 1010;
				ORGANIZATIONNAME = "Kazim Gajiev";
				TargetAttributes = {
					32F9C91A23336A1F007523E3 = {
						CreatedOnToolsVersion = 10.1;
					};
				};
			};
			buildConfigurationList = 32F9C91623336A1F007523E3 /* Build configuration list for PBXProject "ProgressTerraTest" */;
			compatibilityVersion = "Xcode 9.3";
			developmentRegion = en;
			hasScannedForEncodings = 0;
			knownRegions = (
				en,
				Base,
			);
			mainGroup = 32F9C91223336A1F007523E3;
			productRefGroup = 32F9C91C23336A1F007523E3 /* Products */;
			projectDirPath = "";
			projectRoot = "";
			targets = (
				32F9C91A23336A1F007523E3 /* ProgressTerraTest */,
			);
		};
/* End PBXProject section */

/* Begin PBXResourcesBuildPhase section */
		32F9C91923336A1F007523E3 /* Resources */ = {
			isa = PBXResourcesBuildPhase;
			buildActionMask = 2147483647;
			files = (
				32F9C9472333C64C007523E3 /* CatalogCollectionViewCell.xib in Resources */,
				32F9C92923336A20007523E3 /* LaunchScreen.storyboard in Resources */,
				32F9C92623336A20007523E3 /* Assets.xcassets in Resources */,
				32F9C92423336A1F007523E3 /* Main.storyboard in Resources */,
			);
			runOnlyForDeploymentPostprocessing = 0;
		};
/* End PBXResourcesBuildPhase section */

/* Begin PBXShellScriptBuildPhase section */
		1791E00DC6A4E7FEBCD4E924 /* [CP] Embed Pods Frameworks */ = {
			isa = PBXShellScriptBuildPhase;
			buildActionMask = 2147483647;
			files = (
			);
			inputFileListPaths = (
				"${PODS_ROOT}/Target Support Files/Pods-ProgressTerraTest/Pods-ProgressTerraTest-frameworks-${CONFIGURATION}-input-files.xcfilelist",
			);
			name = "[CP] Embed Pods Frameworks";
			outputFileListPaths = (
				"${PODS_ROOT}/Target Support Files/Pods-ProgressTerraTest/Pods-ProgressTerraTest-frameworks-${CONFIGURATION}-output-files.xcfilelist",
			);
			runOnlyForDeploymentPostprocessing = 0;
			shellPath = /bin/sh;
			shellScript = "\"${PODS_ROOT}/Target Support Files/Pods-ProgressTerraTest/Pods-ProgressTerraTest-frameworks.sh\"\n";
			showEnvVarsInLog = 0;
		};
		FF73B11A1275B71D6D42E0EE /* [CP] Check Pods Manifest.lock */ = {
			isa = PBXShellScriptBuildPhase;
			buildActionMask = 2147483647;
			files = (
			);
			inputFileListPaths = (
			);
			inputPaths = (
				"${PODS_PODFILE_DIR_PATH}/Podfile.lock",
				"${PODS_ROOT}/Manifest.lock",
			);
			name = "[CP] Check Pods Manifest.lock";
			outputFileListPaths = (
			);
			outputPaths = (
				"$(DERIVED_FILE_DIR)/Pods-ProgressTerraTest-checkManifestLockResult.txt",
			);
			runOnlyForDeploymentPostprocessing = 0;
			shellPath = /bin/sh;
			shellScript = "diff \"${PODS_PODFILE_DIR_PATH}/Podfile.lock\" \"${PODS_ROOT}/Manifest.lock\" > /dev/null\nif [ $? != 0 ] ; then\n    # print error to STDERR\n    echo \"error: The sandbox is not in sync with the Podfile.lock. Run 'pod install' or update your CocoaPods installation.\" >&2\n    exit 1\nfi\n# This output is used by Xcode 'outputs' to avoid re-running this script phase.\necho \"SUCCESS\" > \"${SCRIPT_OUTPUT_FILE_0}\"\n";
			showEnvVarsInLog = 0;
		};
/* End PBXShellScriptBuildPhase section */

/* Begin PBXSourcesBuildPhase section */
		32F9C91723336A1F007523E3 /* Sources */ = {
			isa = PBXSourcesBuildPhase;
			buildActionMask = 2147483647;
			files = (
				32F9C93D23337512007523E3 /* Constants.swift in Sources */,
				32F9C94A2333C67B007523E3 /* NibLoadable.swift in Sources */,
				32F9C9412333BA42007523E3 /* SearchBarClearButton.swift in Sources */,
				32F9C9332333716F007523E3 /* CatalogViewController.swift in Sources */,
				32F9C9552333C953007523E3 /* BasicService.swift in Sources */,
				32F9C95A2333CCB2007523E3 /* CatalogService.swift in Sources */,
				32F9C94E2333C7BC007523E3 /* CatalogView.swift in Sources */,
				32F9C9512333C8E5007523E3 /* Product.swift in Sources */,
				32F9C936233371FE007523E3 /* SearchBarView.swift in Sources */,
				32F9C91F23336A1F007523E3 /* AppDelegate.swift in Sources */,
				32F9C95C2333CD00007523E3 /* CatalogServiceImplementation.swift in Sources */,
				32F9C9572333C97C007523E3 /* Reachabelity.swift in Sources */,
				32F9C9462333C64C007523E3 /* CatalogCollectionViewCell.swift in Sources */,
				32F9C93923337239007523E3 /* SearchBarTextField.swift in Sources */,
				32F9C94C2333C6D5007523E3 /* CatalogPresenter.swift in Sources */,
			);
			runOnlyForDeploymentPostprocessing = 0;
		};
/* End PBXSourcesBuildPhase section */

/* Begin PBXVariantGroup section */
		32F9C92223336A1F007523E3 /* Main.storyboard */ = {
			isa = PBXVariantGroup;
			children = (
				32F9C92323336A1F007523E3 /* Base */,
			);
			name = Main.storyboard;
			sourceTree = "<group>";
		};
		32F9C92723336A20007523E3 /* LaunchScreen.storyboard */ = {
			isa = PBXVariantGroup;
			children = (
				32F9C92823336A20007523E3 /* Base */,
			);
			name = LaunchScreen.storyboard;
			sourceTree = "<group>";
		};
/* End PBXVariantGroup section */

/* Begin XCBuildConfiguration section */
		32F9C92B23336A20007523E3 /* Debug */ = {
			isa = XCBuildConfiguration;
			buildSettings = {
				ALWAYS_SEARCH_USER_PATHS = NO;
				CLANG_ANALYZER_NONNULL = YES;
				CLANG_ANALYZER_NUMBER_OBJECT_CONVERSION = YES_AGGRESSIVE;
				CLANG_CXX_LANGUAGE_STANDARD = "gnu++14";
				CLANG_CXX_LIBRARY = "libc++";
				CLANG_ENABLE_MODULES = YES;
				CLANG_ENABLE_OBJC_ARC = YES;
				CLANG_ENABLE_OBJC_WEAK = YES;
				CLANG_WARN_BLOCK_CAPTURE_AUTORELEASING = YES;
				CLANG_WARN_BOOL_CONVERSION = YES;
				CLANG_WARN_COMMA = YES;
				CLANG_WARN_CONSTANT_CONVERSION = YES;
				CLANG_WARN_DEPRECATED_OBJC_IMPLEMENTATIONS = YES;
				CLANG_WARN_DIRECT_OBJC_ISA_USAGE = YES_ERROR;
				CLANG_WARN_DOCUMENTATION_COMMENTS = YES;
				CLANG_WARN_EMPTY_BODY = YES;
				CLANG_WARN_ENUM_CONVERSION = YES;
				CLANG_WARN_INFINITE_RECURSION = YES;
				CLANG_WARN_INT_CONVERSION = YES;
				CLANG_WARN_NON_LITERAL_NULL_CONVERSION = YES;
				CLANG_WARN_OBJC_IMPLICIT_RETAIN_SELF = YES;
				CLANG_WARN_OBJC_LITERAL_CONVERSION = YES;
				CLANG_WARN_OBJC_ROOT_CLASS = YES_ERROR;
				CLANG_WARN_RANGE_LOOP_ANALYSIS = YES;
				CLANG_WARN_STRICT_PROTOTYPES = YES;
				CLANG_WARN_SUSPICIOUS_MOVE = YES;
				CLANG_WARN_UNGUARDED_AVAILABILITY = YES_AGGRESSIVE;
				CLANG_WARN_UNREACHABLE_CODE = YES;
				CLANG_WARN__DUPLICATE_METHOD_MATCH = YES;
				CODE_SIGN_IDENTITY = "iPhone Developer";
				COPY_PHASE_STRIP = NO;
				DEBUG_INFORMATION_FORMAT = dwarf;
				ENABLE_STRICT_OBJC_MSGSEND = YES;
				ENABLE_TESTABILITY = YES;
				GCC_C_LANGUAGE_STANDARD = gnu11;
				GCC_DYNAMIC_NO_PIC = NO;
				GCC_NO_COMMON_BLOCKS = YES;
				GCC_OPTIMIZATION_LEVEL = 0;
				GCC_PREPROCESSOR_DEFINITIONS = (
					"DEBUG=1",
					"$(inherited)",
				);
				GCC_WARN_64_TO_32_BIT_CONVERSION = YES;
				GCC_WARN_ABOUT_RETURN_TYPE = YES_ERROR;
				GCC_WARN_UNDECLARED_SELECTOR = YES;
				GCC_WARN_UNINITIALIZED_AUTOS = YES_AGGRESSIVE;
				GCC_WARN_UNUSED_FUNCTION = YES;
				GCC_WARN_UNUSED_VARIABLE = YES;
				IPHONEOS_DEPLOYMENT_TARGET = 12.1;
				MTL_ENABLE_DEBUG_INFO = INCLUDE_SOURCE;
				MTL_FAST_MATH = YES;
				ONLY_ACTIVE_ARCH = YES;
				SDKROOT = iphoneos;
				SWIFT_ACTIVE_COMPILATION_CONDITIONS = DEBUG;
				SWIFT_OPTIMIZATION_LEVEL = "-Onone";
			};
			name = Debug;
		};
		32F9C92C23336A20007523E3 /* Release */ = {
			isa = XCBuildConfiguration;
			buildSettings = {
				ALWAYS_SEARCH_USER_PATHS = NO;
				CLANG_ANALYZER_NONNULL = YES;
				CLANG_ANALYZER_NUMBER_OBJECT_CONVERSION = YES_AGGRESSIVE;
				CLANG_CXX_LANGUAGE_STANDARD = "gnu++14";
				CLANG_CXX_LIBRARY = "libc++";
				CLANG_ENABLE_MODULES = YES;
				CLANG_ENABLE_OBJC_ARC = YES;
				CLANG_ENABLE_OBJC_WEAK = YES;
				CLANG_WARN_BLOCK_CAPTURE_AUTORELEASING = YES;
				CLANG_WARN_BOOL_CONVERSION = YES;
				CLANG_WARN_COMMA = YES;
				CLANG_WARN_CONSTANT_CONVERSION = YES;
				CLANG_WARN_DEPRECATED_OBJC_IMPLEMENTATIONS = YES;
				CLANG_WARN_DIRECT_OBJC_ISA_USAGE = YES_ERROR;
				CLANG_WARN_DOCUMENTATION_COMMENTS = YES;
				CLANG_WARN_EMPTY_BODY = YES;
				CLANG_WARN_ENUM_CONVERSION = YES;
				CLANG_WARN_INFINITE_RECURSION = YES;
				CLANG_WARN_INT_CONVERSION = YES;
				CLANG_WARN_NON_LITERAL_NULL_CONVERSION = YES;
				CLANG_WARN_OBJC_IMPLICIT_RETAIN_SELF = YES;
				CLANG_WARN_OBJC_LITERAL_CONVERSION = YES;
				CLANG_WARN_OBJC_ROOT_CLASS = YES_ERROR;
				CLANG_WARN_RANGE_LOOP_ANALYSIS = YES;
				CLANG_WARN_STRICT_PROTOTYPES = YES;
				CLANG_WARN_SUSPICIOUS_MOVE = YES;
				CLANG_WARN_UNGUARDED_AVAILABILITY = YES_AGGRESSIVE;
				CLANG_WARN_UNREACHABLE_CODE = YES;
				CLANG_WARN__DUPLICATE_METHOD_MATCH = YES;
				CODE_SIGN_IDENTITY = "iPhone Developer";
				COPY_PHASE_STRIP = NO;
				DEBUG_INFORMATION_FORMAT = "dwarf-with-dsym";
				ENABLE_NS_ASSERTIONS = NO;
				ENABLE_STRICT_OBJC_MSGSEND = YES;
				GCC_C_LANGUAGE_STANDARD = gnu11;
				GCC_NO_COMMON_BLOCKS = YES;
				GCC_WARN_64_TO_32_BIT_CONVERSION = YES;
				GCC_WARN_ABOUT_RETURN_TYPE = YES_ERROR;
				GCC_WARN_UNDECLARED_SELECTOR = YES;
				GCC_WARN_UNINITIALIZED_AUTOS = YES_AGGRESSIVE;
				GCC_WARN_UNUSED_FUNCTION = YES;
				GCC_WARN_UNUSED_VARIABLE = YES;
				IPHONEOS_DEPLOYMENT_TARGET = 12.1;
				MTL_ENABLE_DEBUG_INFO = NO;
				MTL_FAST_MATH = YES;
				SDKROOT = iphoneos;
				SWIFT_COMPILATION_MODE = wholemodule;
				SWIFT_OPTIMIZATION_LEVEL = "-O";
				VALIDATE_PRODUCT = YES;
			};
			name = Release;
		};
		32F9C92E23336A20007523E3 /* Debug */ = {
			isa = XCBuildConfiguration;
			baseConfigurationReference = 32B5D7483C1FC40839B37DB4 /* Pods-ProgressTerraTest.debug.xcconfig */;
			buildSettings = {
				ASSETCATALOG_COMPILER_APPICON_NAME = AppIcon;
				CODE_SIGN_STYLE = Automatic;
				DEVELOPMENT_TEAM = 396KV6U5SX;
				INFOPLIST_FILE = ProgressTerraTest/Info.plist;
				LD_RUNPATH_SEARCH_PATHS = (
					"$(inherited)",
					"@executable_path/Frameworks",
				);
				PRODUCT_BUNDLE_IDENTIFIER = ru.learanddevelop.ProgressTerraTest;
				PRODUCT_NAME = "$(TARGET_NAME)";
				SWIFT_VERSION = 4.2;
				TARGETED_DEVICE_FAMILY = "1,2";
			};
			name = Debug;
		};
		32F9C92F23336A20007523E3 /* Release */ = {
			isa = XCBuildConfiguration;
			baseConfigurationReference = FBD11796984850DA6C4C450C /* Pods-ProgressTerraTest.release.xcconfig */;
			buildSettings = {
				ASSETCATALOG_COMPILER_APPICON_NAME = AppIcon;
				CODE_SIGN_STYLE = Automatic;
				DEVELOPMENT_TEAM = 396KV6U5SX;
				INFOPLIST_FILE = ProgressTerraTest/Info.plist;
				LD_RUNPATH_SEARCH_PATHS = (
					"$(inherited)",
					"@executable_path/Frameworks",
				);
				PRODUCT_BUNDLE_IDENTIFIER = ru.learanddevelop.ProgressTerraTest;
				PRODUCT_NAME = "$(TARGET_NAME)";
				SWIFT_VERSION = 4.2;
				TARGETED_DEVICE_FAMILY = "1,2";
			};
			name = Release;
		};
/* End XCBuildConfiguration section */

/* Begin XCConfigurationList section */
		32F9C91623336A1F007523E3 /* Build configuration list for PBXProject "ProgressTerraTest" */ = {
			isa = XCConfigurationList;
			buildConfigurations = (
				32F9C92B23336A20007523E3 /* Debug */,
				32F9C92C23336A20007523E3 /* Release */,
			);
			defaultConfigurationIsVisible = 0;
			defaultConfigurationName = Release;
		};
		32F9C92D23336A20007523E3 /* Build configuration list for PBXNativeTarget "ProgressTerraTest" */ = {
			isa = XCConfigurationList;
			buildConfigurations = (
				32F9C92E23336A20007523E3 /* Debug */,
				32F9C92F23336A20007523E3 /* Release */,
			);
			defaultConfigurationIsVisible = 0;
			defaultConfigurationName = Release;
		};
/* End XCConfigurationList section */
	};
	rootObject = 32F9C91323336A1F007523E3 /* Project object */;
}
